
Microsoft Visual Studio Solution File, Format Version 12.00
# Visual Studio Version 17
VisualStudioVersion = 17.3.32825.248
MinimumVisualStudioVersion = 10.0.40219.1
Project("{9A19103F-16F7-4668-BE54-9A1E7A4F7556}") = "SISGEP.API", "SISGEP.API\SISGEP.API.csproj", "{D087C40B-014D-4856-ACEB-8B65761790EE}"
EndProject
Project("{9A19103F-16F7-4668-BE54-9A1E7A4F7556}") = "SISGEP.Application", "SISGEP.Application\SISGEP.Application.csproj", "{BF95F7FA-068C-4E6B-9E35-F2C6E8F31CA1}"
EndProject
Project("{FAE04EC0-301F-11D3-BF4B-00C04F79EFBC}") = "SISGEP.Seed", "SISGEP.Seed\SISGEP.Seed.csproj", "{FC1F7DBF-26C1-4234-A437-A5DE0CEAD567}"
EndProject
Global
	GlobalSection(SolutionConfigurationPlatforms) = preSolution
		Debug|Any CPU = Debug|Any CPU
		Release|Any CPU = Release|Any CPU
	EndGlobalSection
	GlobalSection(ProjectConfigurationPlatforms) = postSolution
		{D087C40B-014D-4856-ACEB-8B65761790EE}.Debug|Any CPU.ActiveCfg = Debug|Any CPU
		{D087C40B-014D-4856-ACEB-8B65761790EE}.Debug|Any CPU.Build.0 = Debug|Any CPU
		{D087C40B-014D-4856-ACEB-8B65761790EE}.Release|Any CPU.ActiveCfg = Release|Any CPU
		{D087C40B-014D-4856-ACEB-8B65761790EE}.Release|Any CPU.Build.0 = Release|Any CPU
		{BF95F7FA-068C-4E6B-9E35-F2C6E8F31CA1}.Debug|Any CPU.ActiveCfg = Debug|Any CPU
		{BF95F7FA-068C-4E6B-9E35-F2C6E8F31CA1}.Debug|Any CPU.Build.0 = Debug|Any CPU
		{BF95F7FA-068C-4E6B-9E35-F2C6E8F31CA1}.Release|Any CPU.ActiveCfg = Release|Any CPU
		{BF95F7FA-068C-4E6B-9E35-F2C6E8F31CA1}.Release|Any CPU.Build.0 = Release|Any CPU
		{FC1F7DBF-26C1-4234-A437-A5DE0CEAD567}.Debug|Any CPU.ActiveCfg = Debug|Any CPU
		{FC1F7DBF-26C1-4234-A437-A5DE0CEAD567}.Debug|Any CPU.Build.0 = Debug|Any CPU
		{FC1F7DBF-26C1-4234-A437-A5DE0CEAD567}.Release|Any CPU.ActiveCfg = Release|Any CPU
		{FC1F7DBF-26C1-4234-A437-A5DE0CEAD567}.Release|Any CPU.Build.0 = Release|Any CPU
	EndGlobalSection
	GlobalSection(SolutionProperties) = preSolution
		HideSolutionNode = FALSE
	EndGlobalSection
	GlobalSection(ExtensibilityGlobals) = postSolution
		SolutionGuid = {2897631A-EAE0-4070-93DB-A78F0825E9BD}
	EndGlobalSection
EndGlobal
